// !$*UTF8*$!
{
	archiveVersion = 1;
	classes = {
	};
	objectVersion = 50;
	objects = {

/* Begin PBXBuildFile section */
		B4129C9D268242FB0099DBDF /* AppDelegate.swift in Sources */ = {isa = PBXBuildFile; fileRef = B4129C9C268242FB0099DBDF /* AppDelegate.swift */; };
		B4129C9F268242FB0099DBDF /* SceneDelegate.swift in Sources */ = {isa = PBXBuildFile; fileRef = B4129C9E268242FB0099DBDF /* SceneDelegate.swift */; };
		B4129CA6268242FE0099DBDF /* Assets.xcassets in Resources */ = {isa = PBXBuildFile; fileRef = B4129CA5268242FE0099DBDF /* Assets.xcassets */; };
		B4129CA9268242FE0099DBDF /* LaunchScreen.storyboard in Resources */ = {isa = PBXBuildFile; fileRef = B4129CA7268242FE0099DBDF /* LaunchScreen.storyboard */; };
		B4129CB2268243FA0099DBDF /* GothaProBol.otf in Resources */ = {isa = PBXBuildFile; fileRef = B4129CB1268243FA0099DBDF /* GothaProBol.otf */; };
		B4129CB4268244010099DBDF /* Gotham-Book-Regular.otf in Resources */ = {isa = PBXBuildFile; fileRef = B4129CB3268244010099DBDF /* Gotham-Book-Regular.otf */; };
		B4129CBA268245700099DBDF /* CountriesViewController.swift in Sources */ = {isa = PBXBuildFile; fileRef = B4129CB9268245700099DBDF /* CountriesViewController.swift */; };
		B4129CBC268248CC0099DBDF /* CountryTableViewCell.swift in Sources */ = {isa = PBXBuildFile; fileRef = B4129CBB268248CC0099DBDF /* CountryTableViewCell.swift */; };
		B4129CBE26824DF50099DBDF /* CountriesPresenter.swift in Sources */ = {isa = PBXBuildFile; fileRef = B4129CBD26824DF50099DBDF /* CountriesPresenter.swift */; };
		B4129CC026824E1E0099DBDF /* CountriesResponse.swift in Sources */ = {isa = PBXBuildFile; fileRef = B4129CBF26824E1E0099DBDF /* CountriesResponse.swift */; };
		B4129CC226824F9A0099DBDF /* CountriesService.swift in Sources */ = {isa = PBXBuildFile; fileRef = B4129CC126824F9A0099DBDF /* CountriesService.swift */; };
		B4129CC426824FDD0099DBDF /* CountryViewModel.swift in Sources */ = {isa = PBXBuildFile; fileRef = B4129CC326824FDD0099DBDF /* CountryViewModel.swift */; };
		B4129CC6268263270099DBDF /* CustomFonts.swift in Sources */ = {isa = PBXBuildFile; fileRef = B4129CC5268263270099DBDF /* CustomFonts.swift */; };
		B4129CC9268266570099DBDF /* SelectedViewController.swift in Sources */ = {isa = PBXBuildFile; fileRef = B4129CC8268266570099DBDF /* SelectedViewController.swift */; };
		B48D0589288F431300DE7900 /* AppCoordinator.swift in Sources */ = {isa = PBXBuildFile; fileRef = B48D0588288F431300DE7900 /* AppCoordinator.swift */; };
		B48D058C288F436300DE7900 /* Coordinator.swift in Sources */ = {isa = PBXBuildFile; fileRef = B48D058B288F436300DE7900 /* Coordinator.swift */; };
		B48D058E288F458E00DE7900 /* CoordinatorKeys.swift in Sources */ = {isa = PBXBuildFile; fileRef = B48D058D288F458E00DE7900 /* CoordinatorKeys.swift */; };
		B48D0590288F4B2300DE7900 /* CountriesCoordinator.swift in Sources */ = {isa = PBXBuildFile; fileRef = B48D058F288F4B2300DE7900 /* CountriesCoordinator.swift */; };
		B48D0592288F4C4C00DE7900 /* NavigationStyles.swift in Sources */ = {isa = PBXBuildFile; fileRef = B48D0591288F4C4C00DE7900 /* NavigationStyles.swift */; };
/* End PBXBuildFile section */

/* Begin PBXFileReference section */
		B4129C99268242FB0099DBDF /* PruebaTecnica.app */ = {isa = PBXFileReference; explicitFileType = wrapper.application; includeInIndex = 0; path = PruebaTecnica.app; sourceTree = BUILT_PRODUCTS_DIR; };
		B4129C9C268242FB0099DBDF /* AppDelegate.swift */ = {isa = PBXFileReference; lastKnownFileType = sourcecode.swift; path = AppDelegate.swift; sourceTree = "<group>"; };
		B4129C9E268242FB0099DBDF /* SceneDelegate.swift */ = {isa = PBXFileReference; lastKnownFileType = sourcecode.swift; path = SceneDelegate.swift; sourceTree = "<group>"; };
		B4129CA5268242FE0099DBDF /* Assets.xcassets */ = {isa = PBXFileReference; lastKnownFileType = folder.assetcatalog; path = Assets.xcassets; sourceTree = "<group>"; };
		B4129CA8268242FE0099DBDF /* Base */ = {isa = PBXFileReference; lastKnownFileType = file.storyboard; name = Base; path = Base.lproj/LaunchScreen.storyboard; sourceTree = "<group>"; };
		B4129CAA268242FE0099DBDF /* Info.plist */ = {isa = PBXFileReference; lastKnownFileType = text.plist.xml; path = Info.plist; sourceTree = "<group>"; };
		B4129CB1268243FA0099DBDF /* GothaProBol.otf */ = {isa = PBXFileReference; lastKnownFileType = file; path = GothaProBol.otf; sourceTree = "<group>"; };
		B4129CB3268244010099DBDF /* Gotham-Book-Regular.otf */ = {isa = PBXFileReference; lastKnownFileType = file; path = "Gotham-Book-Regular.otf"; sourceTree = "<group>"; };
		B4129CB9268245700099DBDF /* CountriesViewController.swift */ = {isa = PBXFileReference; lastKnownFileType = sourcecode.swift; path = CountriesViewController.swift; sourceTree = "<group>"; };
		B4129CBB268248CC0099DBDF /* CountryTableViewCell.swift */ = {isa = PBXFileReference; lastKnownFileType = sourcecode.swift; path = CountryTableViewCell.swift; sourceTree = "<group>"; };
		B4129CBD26824DF50099DBDF /* CountriesPresenter.swift */ = {isa = PBXFileReference; lastKnownFileType = sourcecode.swift; path = CountriesPresenter.swift; sourceTree = "<group>"; };
		B4129CBF26824E1E0099DBDF /* CountriesResponse.swift */ = {isa = PBXFileReference; lastKnownFileType = sourcecode.swift; path = CountriesResponse.swift; sourceTree = "<group>"; };
		B4129CC126824F9A0099DBDF /* CountriesService.swift */ = {isa = PBXFileReference; lastKnownFileType = sourcecode.swift; path = CountriesService.swift; sourceTree = "<group>"; };
		B4129CC326824FDD0099DBDF /* CountryViewModel.swift */ = {isa = PBXFileReference; lastKnownFileType = sourcecode.swift; path = CountryViewModel.swift; sourceTree = "<group>"; };
		B4129CC5268263270099DBDF /* CustomFonts.swift */ = {isa = PBXFileReference; lastKnownFileType = sourcecode.swift; path = CustomFonts.swift; sourceTree = "<group>"; };
		B4129CC8268266570099DBDF /* SelectedViewController.swift */ = {isa = PBXFileReference; lastKnownFileType = sourcecode.swift; path = SelectedViewController.swift; sourceTree = "<group>"; };
		B48D0588288F431300DE7900 /* AppCoordinator.swift */ = {isa = PBXFileReference; lastKnownFileType = sourcecode.swift; path = AppCoordinator.swift; sourceTree = "<group>"; };
		B48D058B288F436300DE7900 /* Coordinator.swift */ = {isa = PBXFileReference; lastKnownFileType = sourcecode.swift; path = Coordinator.swift; sourceTree = "<group>"; };
		B48D058D288F458E00DE7900 /* CoordinatorKeys.swift */ = {isa = PBXFileReference; lastKnownFileType = sourcecode.swift; path = CoordinatorKeys.swift; sourceTree = "<group>"; };
		B48D058F288F4B2300DE7900 /* CountriesCoordinator.swift */ = {isa = PBXFileReference; lastKnownFileType = sourcecode.swift; path = CountriesCoordinator.swift; sourceTree = "<group>"; };
		B48D0591288F4C4C00DE7900 /* NavigationStyles.swift */ = {isa = PBXFileReference; lastKnownFileType = sourcecode.swift; path = NavigationStyles.swift; sourceTree = "<group>"; };
/* End PBXFileReference section */

/* Begin PBXFrameworksBuildPhase section */
		B4129C96268242FB0099DBDF /* Frameworks */ = {
			isa = PBXFrameworksBuildPhase;
			buildActionMask = 2147483647;
			files = (
			);
			runOnlyForDeploymentPostprocessing = 0;
		};
/* End PBXFrameworksBuildPhase section */

/* Begin PBXGroup section */
		B4129C90268242FB0099DBDF = {
			isa = PBXGroup;
			children = (
				B4129C9B268242FB0099DBDF /* PruebaTecnica */,
				B4129C9A268242FB0099DBDF /* Products */,
			);
			sourceTree = "<group>";
		};
		B4129C9A268242FB0099DBDF /* Products */ = {
			isa = PBXGroup;
			children = (
				B4129C99268242FB0099DBDF /* PruebaTecnica.app */,
			);
			name = Products;
			sourceTree = "<group>";
		};
		B4129C9B268242FB0099DBDF /* PruebaTecnica */ = {
			isa = PBXGroup;
			children = (
				B48D058A288F433800DE7900 /* Coordinator */,
				B48D0586288F41B000DE7900 /* Application */,
				B48D0583288F417800DE7900 /* Assets */,
				B48D0587288F41BD00DE7900 /* Constants */,
				B4129CC72682661D0099DBDF /* SelectedModal */,
				B4129CB52682453C0099DBDF /* Paises */,
			);
			path = PruebaTecnica;
			sourceTree = "<group>";
		};
		B4129CB0268243E50099DBDF /* CustomFonts */ = {
			isa = PBXGroup;
			children = (
				B4129CB3268244010099DBDF /* Gotham-Book-Regular.otf */,
				B4129CB1268243FA0099DBDF /* GothaProBol.otf */,
			);
			path = CustomFonts;
			sourceTree = "<group>";
		};
		B4129CB52682453C0099DBDF /* Paises */ = {
			isa = PBXGroup;
			children = (
				B48D058F288F4B2300DE7900 /* CountriesCoordinator.swift */,
				B4129CB8268245520099DBDF /* Model */,
				B4129CB72682454D0099DBDF /* View */,
				B4129CB6268245460099DBDF /* Presenter */,
			);
			path = Paises;
			sourceTree = "<group>";
		};
		B4129CB6268245460099DBDF /* Presenter */ = {
			isa = PBXGroup;
			children = (
				B4129CBD26824DF50099DBDF /* CountriesPresenter.swift */,
				B4129CC126824F9A0099DBDF /* CountriesService.swift */,
			);
			path = Presenter;
			sourceTree = "<group>";
		};
		B4129CB72682454D0099DBDF /* View */ = {
			isa = PBXGroup;
			children = (
				B4129CB9268245700099DBDF /* CountriesViewController.swift */,
				B4129CBB268248CC0099DBDF /* CountryTableViewCell.swift */,
			);
			path = View;
			sourceTree = "<group>";
		};
		B4129CB8268245520099DBDF /* Model */ = {
			isa = PBXGroup;
			children = (
				B4129CBF26824E1E0099DBDF /* CountriesResponse.swift */,
				B4129CC326824FDD0099DBDF /* CountryViewModel.swift */,
			);
			path = Model;
			sourceTree = "<group>";
		};
		B4129CC72682661D0099DBDF /* SelectedModal */ = {
			isa = PBXGroup;
			children = (
				B4129CC8268266570099DBDF /* SelectedViewController.swift */,
			);
			path = SelectedModal;
			sourceTree = "<group>";
		};
		B48D0583288F417800DE7900 /* Assets */ = {
			isa = PBXGroup;
			children = (
				B4129CB0268243E50099DBDF /* CustomFonts */,
				B48D0584288F418600DE7900 /* Images */,
			);
			path = Assets;
			sourceTree = "<group>";
		};
		B48D0584288F418600DE7900 /* Images */ = {
			isa = PBXGroup;
			children = (
				B4129CA5268242FE0099DBDF /* Assets.xcassets */,
			);
			path = Images;
			sourceTree = "<group>";
		};
		B48D0586288F41B000DE7900 /* Application */ = {
			isa = PBXGroup;
			children = (
				B4129C9C268242FB0099DBDF /* AppDelegate.swift */,
				B4129C9E268242FB0099DBDF /* SceneDelegate.swift */,
				B4129CA7268242FE0099DBDF /* LaunchScreen.storyboard */,
				B4129CAA268242FE0099DBDF /* Info.plist */,
			);
			path = Application;
			sourceTree = "<group>";
		};
		B48D0587288F41BD00DE7900 /* Constants */ = {
			isa = PBXGroup;
			children = (
				B4129CC5268263270099DBDF /* CustomFonts.swift */,
				B48D0591288F4C4C00DE7900 /* NavigationStyles.swift */,
			);
			path = Constants;
			sourceTree = "<group>";
		};
		B48D058A288F433800DE7900 /* Coordinator */ = {
			isa = PBXGroup;
			children = (
				B48D0588288F431300DE7900 /* AppCoordinator.swift */,
				B48D058B288F436300DE7900 /* Coordinator.swift */,
				B48D058D288F458E00DE7900 /* CoordinatorKeys.swift */,
			);
			path = Coordinator;
			sourceTree = "<group>";
		};
/* End PBXGroup section */

/* Begin PBXNativeTarget section */
		B4129C98268242FB0099DBDF /* PruebaTecnica */ = {
			isa = PBXNativeTarget;
			buildConfigurationList = B4129CAD268242FE0099DBDF /* Build configuration list for PBXNativeTarget "PruebaTecnica" */;
			buildPhases = (
				B4129C95268242FB0099DBDF /* Sources */,
				B4129C96268242FB0099DBDF /* Frameworks */,
				B4129C97268242FB0099DBDF /* Resources */,
			);
			buildRules = (
			);
			dependencies = (
			);
			name = PruebaTecnica;
			productName = PruebaTecnica;
			productReference = B4129C99268242FB0099DBDF /* PruebaTecnica.app */;
			productType = "com.apple.product-type.application";
		};
/* End PBXNativeTarget section */

/* Begin PBXProject section */
		B4129C91268242FB0099DBDF /* Project object */ = {
			isa = PBXProject;
			attributes = {
				LastSwiftUpdateCheck = 1250;
				LastUpgradeCheck = 1250;
				TargetAttributes = {
					B4129C98268242FB0099DBDF = {
						CreatedOnToolsVersion = 12.5;
					};
				};
			};
			buildConfigurationList = B4129C94268242FB0099DBDF /* Build configuration list for PBXProject "PruebaTecnica" */;
			compatibilityVersion = "Xcode 9.3";
			developmentRegion = en;
			hasScannedForEncodings = 0;
			knownRegions = (
				en,
				Base,
			);
			mainGroup = B4129C90268242FB0099DBDF;
			productRefGroup = B4129C9A268242FB0099DBDF /* Products */;
			projectDirPath = "";
			projectRoot = "";
			targets = (
				B4129C98268242FB0099DBDF /* PruebaTecnica */,
			);
		};
/* End PBXProject section */

/* Begin PBXResourcesBuildPhase section */
		B4129C97268242FB0099DBDF /* Resources */ = {
			isa = PBXResourcesBuildPhase;
			buildActionMask = 2147483647;
			files = (
				B4129CA9268242FE0099DBDF /* LaunchScreen.storyboard in Resources */,
				B4129CB4268244010099DBDF /* Gotham-Book-Regular.otf in Resources */,
				B4129CA6268242FE0099DBDF /* Assets.xcassets in Resources */,
				B4129CB2268243FA0099DBDF /* GothaProBol.otf in Resources */,
			);
			runOnlyForDeploymentPostprocessing = 0;
		};
/* End PBXResourcesBuildPhase section */

/* Begin PBXSourcesBuildPhase section */
		B4129C95268242FB0099DBDF /* Sources */ = {
			isa = PBXSourcesBuildPhase;
			buildActionMask = 2147483647;
			files = (
				B48D0589288F431300DE7900 /* AppCoordinator.swift in Sources */,
				B4129CBE26824DF50099DBDF /* CountriesPresenter.swift in Sources */,
				B4129CBA268245700099DBDF /* CountriesViewController.swift in Sources */,
				B4129CC026824E1E0099DBDF /* CountriesResponse.swift in Sources */,
				B4129CC226824F9A0099DBDF /* CountriesService.swift in Sources */,
				B48D0592288F4C4C00DE7900 /* NavigationStyles.swift in Sources */,
				B4129C9D268242FB0099DBDF /* AppDelegate.swift in Sources */,
				B4129CC426824FDD0099DBDF /* CountryViewModel.swift in Sources */,
				B4129CC9268266570099DBDF /* SelectedViewController.swift in Sources */,
				B48D058C288F436300DE7900 /* Coordinator.swift in Sources */,
				B4129CC6268263270099DBDF /* CustomFonts.swift in Sources */,
				B48D058E288F458E00DE7900 /* CoordinatorKeys.swift in Sources */,
				B48D0590288F4B2300DE7900 /* CountriesCoordinator.swift in Sources */,
				B4129CBC268248CC0099DBDF /* CountryTableViewCell.swift in Sources */,
				B4129C9F268242FB0099DBDF /* SceneDelegate.swift in Sources */,
			);
			runOnlyForDeploymentPostprocessing = 0;
		};
/* End PBXSourcesBuildPhase section */

/* Begin PBXVariantGroup section */
		B4129CA7268242FE0099DBDF /* LaunchScreen.storyboard */ = {
			isa = PBXVariantGroup;
			children = (
				B4129CA8268242FE0099DBDF /* Base */,
			);
			name = LaunchScreen.storyboard;
			sourceTree = "<group>";
		};
/* End PBXVariantGroup section */

/* Begin XCBuildConfiguration section */
		B4129CAB268242FE0099DBDF /* Debug */ = {
			isa = XCBuildConfiguration;
			buildSettings = {
				ALWAYS_SEARCH_USER_PATHS = NO;
				CLANG_ANALYZER_NONNULL = YES;
				CLANG_ANALYZER_NUMBER_OBJECT_CONVERSION = YES_AGGRESSIVE;
				CLANG_CXX_LANGUAGE_STANDARD = "gnu++14";
				CLANG_CXX_LIBRARY = "libc++";
				CLANG_ENABLE_MODULES = YES;
				CLANG_ENABLE_OBJC_ARC = YES;
				CLANG_ENABLE_OBJC_WEAK = YES;
				CLANG_WARN_BLOCK_CAPTURE_AUTORELEASING = YES;
				CLANG_WARN_BOOL_CONVERSION = YES;
				CLANG_WARN_COMMA = YES;
				CLANG_WARN_CONSTANT_CONVERSION = YES;
				CLANG_WARN_DEPRECATED_OBJC_IMPLEMENTATIONS = YES;
				CLANG_WARN_DIRECT_OBJC_ISA_USAGE = YES_ERROR;
				CLANG_WARN_DOCUMENTATION_COMMENTS = YES;
				CLANG_WARN_EMPTY_BODY = YES;
				CLANG_WARN_ENUM_CONVERSION = YES;
				CLANG_WARN_INFINITE_RECURSION = YES;
				CLANG_WARN_INT_CONVERSION = YES;
				CLANG_WARN_NON_LITERAL_NULL_CONVERSION = YES;
				CLANG_WARN_OBJC_IMPLICIT_RETAIN_SELF = YES;
				CLANG_WARN_OBJC_LITERAL_CONVERSION = YES;
				CLANG_WARN_OBJC_ROOT_CLASS = YES_ERROR;
				CLANG_WARN_QUOTED_INCLUDE_IN_FRAMEWORK_HEADER = YES;
				CLANG_WARN_RANGE_LOOP_ANALYSIS = YES;
				CLANG_WARN_STRICT_PROTOTYPES = YES;
				CLANG_WARN_SUSPICIOUS_MOVE = YES;
				CLANG_WARN_UNGUARDED_AVAILABILITY = YES_AGGRESSIVE;
				CLANG_WARN_UNREACHABLE_CODE = YES;
				CLANG_WARN__DUPLICATE_METHOD_MATCH = YES;
				COPY_PHASE_STRIP = NO;
				DEBUG_INFORMATION_FORMAT = dwarf;
				ENABLE_STRICT_OBJC_MSGSEND = YES;
				ENABLE_TESTABILITY = YES;
				GCC_C_LANGUAGE_STANDARD = gnu11;
				GCC_DYNAMIC_NO_PIC = NO;
				GCC_NO_COMMON_BLOCKS = YES;
				GCC_OPTIMIZATION_LEVEL = 0;
				GCC_PREPROCESSOR_DEFINITIONS = (
					"DEBUG=1",
					"$(inherited)",
				);
				GCC_WARN_64_TO_32_BIT_CONVERSION = YES;
				GCC_WARN_ABOUT_RETURN_TYPE = YES_ERROR;
				GCC_WARN_UNDECLARED_SELECTOR = YES;
				GCC_WARN_UNINITIALIZED_AUTOS = YES_AGGRESSIVE;
				GCC_WARN_UNUSED_FUNCTION = YES;
				GCC_WARN_UNUSED_VARIABLE = YES;
				IPHONEOS_DEPLOYMENT_TARGET = 14.5;
				MTL_ENABLE_DEBUG_INFO = INCLUDE_SOURCE;
				MTL_FAST_MATH = YES;
				ONLY_ACTIVE_ARCH = YES;
				SDKROOT = iphoneos;
				SWIFT_ACTIVE_COMPILATION_CONDITIONS = DEBUG;
				SWIFT_OPTIMIZATION_LEVEL = "-Onone";
			};
			name = Debug;
		};
		B4129CAC268242FE0099DBDF /* Release */ = {
			isa = XCBuildConfiguration;
			buildSettings = {
				ALWAYS_SEARCH_USER_PATHS = NO;
				CLANG_ANALYZER_NONNULL = YES;
				CLANG_ANALYZER_NUMBER_OBJECT_CONVERSION = YES_AGGRESSIVE;
				CLANG_CXX_LANGUAGE_STANDARD = "gnu++14";
				CLANG_CXX_LIBRARY = "libc++";
				CLANG_ENABLE_MODULES = YES;
				CLANG_ENABLE_OBJC_ARC = YES;
				CLANG_ENABLE_OBJC_WEAK = YES;
				CLANG_WARN_BLOCK_CAPTURE_AUTORELEASING = YES;
				CLANG_WARN_BOOL_CONVERSION = YES;
				CLANG_WARN_COMMA = YES;
				CLANG_WARN_CONSTANT_CONVERSION = YES;
				CLANG_WARN_DEPRECATED_OBJC_IMPLEMENTATIONS = YES;
				CLANG_WARN_DIRECT_OBJC_ISA_USAGE = YES_ERROR;
				CLANG_WARN_DOCUMENTATION_COMMENTS = YES;
				CLANG_WARN_EMPTY_BODY = YES;
				CLANG_WARN_ENUM_CONVERSION = YES;
				CLANG_WARN_INFINITE_RECURSION = YES;
				CLANG_WARN_INT_CONVERSION = YES;
				CLANG_WARN_NON_LITERAL_NULL_CONVERSION = YES;
				CLANG_WARN_OBJC_IMPLICIT_RETAIN_SELF = YES;
				CLANG_WARN_OBJC_LITERAL_CONVERSION = YES;
				CLANG_WARN_OBJC_ROOT_CLASS = YES_ERROR;
				CLANG_WARN_QUOTED_INCLUDE_IN_FRAMEWORK_HEADER = YES;
				CLANG_WARN_RANGE_LOOP_ANALYSIS = YES;
				CLANG_WARN_STRICT_PROTOTYPES = YES;
				CLANG_WARN_SUSPICIOUS_MOVE = YES;
				CLANG_WARN_UNGUARDED_AVAILABILITY = YES_AGGRESSIVE;
				CLANG_WARN_UNREACHABLE_CODE = YES;
				CLANG_WARN__DUPLICATE_METHOD_MATCH = YES;
				COPY_PHASE_STRIP = NO;
				DEBUG_INFORMATION_FORMAT = "dwarf-with-dsym";
				ENABLE_NS_ASSERTIONS = NO;
				ENABLE_STRICT_OBJC_MSGSEND = YES;
				GCC_C_LANGUAGE_STANDARD = gnu11;
				GCC_NO_COMMON_BLOCKS = YES;
				GCC_WARN_64_TO_32_BIT_CONVERSION = YES;
				GCC_WARN_ABOUT_RETURN_TYPE = YES_ERROR;
				GCC_WARN_UNDECLARED_SELECTOR = YES;
				GCC_WARN_UNINITIALIZED_AUTOS = YES_AGGRESSIVE;
				GCC_WARN_UNUSED_FUNCTION = YES;
				GCC_WARN_UNUSED_VARIABLE = YES;
				IPHONEOS_DEPLOYMENT_TARGET = 14.5;
				MTL_ENABLE_DEBUG_INFO = NO;
				MTL_FAST_MATH = YES;
				SDKROOT = iphoneos;
				SWIFT_COMPILATION_MODE = wholemodule;
				SWIFT_OPTIMIZATION_LEVEL = "-O";
				VALIDATE_PRODUCT = YES;
			};
			name = Release;
		};
		B4129CAE268242FE0099DBDF /* Debug */ = {
			isa = XCBuildConfiguration;
			buildSettings = {
				ASSETCATALOG_COMPILER_APPICON_NAME = AppIcon;
				ASSETCATALOG_COMPILER_GLOBAL_ACCENT_COLOR_NAME = AccentColor;
				CODE_SIGN_STYLE = Automatic;
				DEVELOPMENT_TEAM = UT2RZS7M95;
				INFOPLIST_FILE = PruebaTecnica/Application/Info.plist;
				LD_RUNPATH_SEARCH_PATHS = (
					"$(inherited)",
					"@executable_path/Frameworks",
				);
				PRODUCT_BUNDLE_IDENTIFIER = com.DavidMendoza.PruebaTecnica;
				PRODUCT_NAME = "$(TARGET_NAME)";
				SWIFT_VERSION = 5.0;
				TARGETED_DEVICE_FAMILY = "1,2";
			};
			name = Debug;
		};
		B4129CAF268242FE0099DBDF /* Release */ = {
			isa = XCBuildConfiguration;
			buildSettings = {
				ASSETCATALOG_COMPILER_APPICON_NAME = AppIcon;
				ASSETCATALOG_COMPILER_GLOBAL_ACCENT_COLOR_NAME = AccentColor;
				CODE_SIGN_STYLE = Automatic;
				DEVELOPMENT_TEAM = UT2RZS7M95;
				INFOPLIST_FILE = PruebaTecnica/Application/Info.plist;
				LD_RUNPATH_SEARCH_PATHS = (
					"$(inherited)",
					"@executable_path/Frameworks",
				);
				PRODUCT_BUNDLE_IDENTIFIER = com.DavidMendoza.PruebaTecnica;
				PRODUCT_NAME = "$(TARGET_NAME)";
				SWIFT_VERSION = 5.0;
				TARGETED_DEVICE_FAMILY = "1,2";
			};
			name = Release;
		};
/* End XCBuildConfiguration section */

/* Begin XCConfigurationList section */
		B4129C94268242FB0099DBDF /* Build configuration list for PBXProject "PruebaTecnica" */ = {
			isa = XCConfigurationList;
			buildConfigurations = (
				B4129CAB268242FE0099DBDF /* Debug */,
				B4129CAC268242FE0099DBDF /* Release */,
			);
			defaultConfigurationIsVisible = 0;
			defaultConfigurationName = Release;
		};
		B4129CAD268242FE0099DBDF /* Build configuration list for PBXNativeTarget "PruebaTecnica" */ = {
			isa = XCConfigurationList;
			buildConfigurations = (
				B4129CAE268242FE0099DBDF /* Debug */,
				B4129CAF268242FE0099DBDF /* Release */,
			);
			defaultConfigurationIsVisible = 0;
			defaultConfigurationName = Release;
		};
/* End XCConfigurationList section */
	};
	rootObject = B4129C91268242FB0099DBDF /* Project object */;
}
